// !$*UTF8*$!
{
	archiveVersion = 1;
	classes = {
	};
	objectVersion = 50;
	objects = {

/* Begin PBXBuildFile section */
		961A7DAE21C1E0D100263AD2 /* AppDelegate.swift in Sources */ = {isa = PBXBuildFile; fileRef = 961A7DAD21C1E0D100263AD2 /* AppDelegate.swift */; };
		961A7DB021C1E0D100263AD2 /* ViewController.swift in Sources */ = {isa = PBXBuildFile; fileRef = 961A7DAF21C1E0D100263AD2 /* ViewController.swift */; };
		961A7DB321C1E0D100263AD2 /* Main.storyboard in Resources */ = {isa = PBXBuildFile; fileRef = 961A7DB121C1E0D100263AD2 /* Main.storyboard */; };
		961A7DB521C1E0D800263AD2 /* Assets.xcassets in Resources */ = {isa = PBXBuildFile; fileRef = 961A7DB421C1E0D800263AD2 /* Assets.xcassets */; };
		961A7DB821C1E0D800263AD2 /* LaunchScreen.storyboard in Resources */ = {isa = PBXBuildFile; fileRef = 961A7DB621C1E0D800263AD2 /* LaunchScreen.storyboard */; };
		961A7DC321C1E0D800263AD2 /* swift1Tests.swift in Sources */ = {isa = PBXBuildFile; fileRef = 961A7DC221C1E0D800263AD2 /* swift1Tests.swift */; };
		961A7DCE21C1E0D800263AD2 /* swift1UITests.swift in Sources */ = {isa = PBXBuildFile; fileRef = 961A7DCD21C1E0D800263AD2 /* swift1UITests.swift */; };
/* End PBXBuildFile section */

/* Begin PBXContainerItemProxy section */
		961A7DBF21C1E0D800263AD2 /* PBXContainerItemProxy */ = {
			isa = PBXContainerItemProxy;
			containerPortal = 961A7DA221C1E0D000263AD2 /* Project object */;
			proxyType = 1;
			remoteGlobalIDString = 961A7DA921C1E0D000263AD2;
			remoteInfo = swift1;
		};
		961A7DCA21C1E0D800263AD2 /* PBXContainerItemProxy */ = {
			isa = PBXContainerItemProxy;
			containerPortal = 961A7DA221C1E0D000263AD2 /* Project object */;
			proxyType = 1;
			remoteGlobalIDString = 961A7DA921C1E0D000263AD2;
			remoteInfo = swift1;
		};
/* End PBXContainerItemProxy section */

/* Begin PBXFileReference section */
		961A7DAA21C1E0D000263AD2 /* swift1.app */ = {isa = PBXFileReference; explicitFileType = wrapper.application; includeInIndex = 0; path = swift1.app; sourceTree = BUILT_PRODUCTS_DIR; };
		961A7DAD21C1E0D100263AD2 /* AppDelegate.swift */ = {isa = PBXFileReference; lastKnownFileType = sourcecode.swift; path = AppDelegate.swift; sourceTree = "<group>"; };
		961A7DAF21C1E0D100263AD2 /* ViewController.swift */ = {isa = PBXFileReference; lastKnownFileType = sourcecode.swift; path = ViewController.swift; sourceTree = "<group>"; };
		961A7DB221C1E0D100263AD2 /* Base */ = {isa = PBXFileReference; lastKnownFileType = file.storyboard; name = Base; path = Base.lproj/Main.storyboard; sourceTree = "<group>"; };
		961A7DB421C1E0D800263AD2 /* Assets.xcassets */ = {isa = PBXFileReference; lastKnownFileType = folder.assetcatalog; path = Assets.xcassets; sourceTree = "<group>"; };
		961A7DB721C1E0D800263AD2 /* Base */ = {isa = PBXFileReference; lastKnownFileType = file.storyboard; name = Base; path = Base.lproj/LaunchScreen.storyboard; sourceTree = "<group>"; };
		961A7DB921C1E0D800263AD2 /* Info.plist */ = {isa = PBXFileReference; lastKnownFileType = text.plist.xml; path = Info.plist; sourceTree = "<group>"; };
		961A7DBE21C1E0D800263AD2 /* swift1Tests.xctest */ = {isa = PBXFileReference; explicitFileType = wrapper.cfbundle; includeInIndex = 0; path = swift1Tests.xctest; sourceTree = BUILT_PRODUCTS_DIR; };
		961A7DC221C1E0D800263AD2 /* swift1Tests.swift */ = {isa = PBXFileReference; lastKnownFileType = sourcecode.swift; path = swift1Tests.swift; sourceTree = "<group>"; };
		961A7DC421C1E0D800263AD2 /* Info.plist */ = {isa = PBXFileReference; lastKnownFileType = text.plist.xml; path = Info.plist; sourceTree = "<group>"; };
		961A7DC921C1E0D800263AD2 /* swift1UITests.xctest */ = {isa = PBXFileReference; explicitFileType = wrapper.cfbundle; includeInIndex = 0; path = swift1UITests.xctest; sourceTree = BUILT_PRODUCTS_DIR; };
		961A7DCD21C1E0D800263AD2 /* swift1UITests.swift */ = {isa = PBXFileReference; lastKnownFileType = sourcecode.swift; path = swift1UITests.swift; sourceTree = "<group>"; };
		961A7DCF21C1E0D800263AD2 /* Info.plist */ = {isa = PBXFileReference; lastKnownFileType = text.plist.xml; path = Info.plist; sourceTree = "<group>"; };
/* End PBXFileReference section */

/* Begin PBXFrameworksBuildPhase section */
		961A7DA721C1E0D000263AD2 /* Frameworks */ = {
			isa = PBXFrameworksBuildPhase;
			buildActionMask = 2147483647;
			files = (
			);
			runOnlyForDeploymentPostprocessing = 0;
		};
		961A7DBB21C1E0D800263AD2 /* Frameworks */ = {
			isa = PBXFrameworksBuildPhase;
			buildActionMask = 2147483647;
			files = (
			);
			runOnlyForDeploymentPostprocessing = 0;
		};
		961A7DC621C1E0D800263AD2 /* Frameworks */ = {
			isa = PBXFrameworksBuildPhase;
			buildActionMask = 2147483647;
			files = (
			);
			runOnlyForDeploymentPostprocessing = 0;
		};
/* End PBXFrameworksBuildPhase section */

/* Begin PBXGroup section */
		961A7DA121C1E0D000263AD2 = {
			isa = PBXGroup;
			children = (
				961A7DAC21C1E0D000263AD2 /* swift1 */,
				961A7DC121C1E0D800263AD2 /* swift1Tests */,
				961A7DCC21C1E0D800263AD2 /* swift1UITests */,
				961A7DAB21C1E0D000263AD2 /* Products */,
			);
			sourceTree = "<group>";
		};
		961A7DAB21C1E0D000263AD2 /* Products */ = {
			isa = PBXGroup;
			children = (
				961A7DAA21C1E0D000263AD2 /* swift1.app */,
				961A7DBE21C1E0D800263AD2 /* swift1Tests.xctest */,
				961A7DC921C1E0D800263AD2 /* swift1UITests.xctest */,
			);
			name = Products;
			sourceTree = "<group>";
		};
		961A7DAC21C1E0D000263AD2 /* swift1 */ = {
			isa = PBXGroup;
			children = (
				961A7DAD21C1E0D100263AD2 /* AppDelegate.swift */,
				961A7DAF21C1E0D100263AD2 /* ViewController.swift */,
				961A7DB121C1E0D100263AD2 /* Main.storyboard */,
				961A7DB421C1E0D800263AD2 /* Assets.xcassets */,
				961A7DB621C1E0D800263AD2 /* LaunchScreen.storyboard */,
				961A7DB921C1E0D800263AD2 /* Info.plist */,
			);
			path = swift1;
			sourceTree = "<group>";
		};
		961A7DC121C1E0D800263AD2 /* swift1Tests */ = {
			isa = PBXGroup;
			children = (
				961A7DC221C1E0D800263AD2 /* swift1Tests.swift */,
				961A7DC421C1E0D800263AD2 /* Info.plist */,
			);
			path = swift1Tests;
			sourceTree = "<group>";
		};
		961A7DCC21C1E0D800263AD2 /* swift1UITests */ = {
			isa = PBXGroup;
			children = (
				961A7DCD21C1E0D800263AD2 /* swift1UITests.swift */,
				961A7DCF21C1E0D800263AD2 /* Info.plist */,
			);
			path = swift1UITests;
			sourceTree = "<group>";
		};
/* End PBXGroup section */

/* Begin PBXNativeTarget section */
		961A7DA921C1E0D000263AD2 /* swift1 */ = {
			isa = PBXNativeTarget;
			buildConfigurationList = 961A7DD221C1E0D800263AD2 /* Build configuration list for PBXNativeTarget "swift1" */;
			buildPhases = (
				961A7DA621C1E0D000263AD2 /* Sources */,
				961A7DA721C1E0D000263AD2 /* Frameworks */,
				961A7DA821C1E0D000263AD2 /* Resources */,
			);
			buildRules = (
			);
			dependencies = (
			);
			name = swift1;
			productName = swift1;
			productReference = 961A7DAA21C1E0D000263AD2 /* swift1.app */;
			productType = "com.apple.product-type.application";
		};
		961A7DBD21C1E0D800263AD2 /* swift1Tests */ = {
			isa = PBXNativeTarget;
			buildConfigurationList = 961A7DD521C1E0D800263AD2 /* Build configuration list for PBXNativeTarget "swift1Tests" */;
			buildPhases = (
				961A7DBA21C1E0D800263AD2 /* Sources */,
				961A7DBB21C1E0D800263AD2 /* Frameworks */,
				961A7DBC21C1E0D800263AD2 /* Resources */,
			);
			buildRules = (
			);
			dependencies = (
				961A7DC021C1E0D800263AD2 /* PBXTargetDependency */,
			);
			name = swift1Tests;
			productName = swift1Tests;
			productReference = 961A7DBE21C1E0D800263AD2 /* swift1Tests.xctest */;
			productType = "com.apple.product-type.bundle.unit-test";
		};
		961A7DC821C1E0D800263AD2 /* swift1UITests */ = {
			isa = PBXNativeTarget;
			buildConfigurationList = 961A7DD821C1E0D800263AD2 /* Build configuration list for PBXNativeTarget "swift1UITests" */;
			buildPhases = (
				961A7DC521C1E0D800263AD2 /* Sources */,
				961A7DC621C1E0D800263AD2 /* Frameworks */,
				961A7DC721C1E0D800263AD2 /* Resources */,
			);
			buildRules = (
			);
			dependencies = (
				961A7DCB21C1E0D800263AD2 /* PBXTargetDependency */,
			);
			name = swift1UITests;
			productName = swift1UITests;
			productReference = 961A7DC921C1E0D800263AD2 /* swift1UITests.xctest */;
			productType = "com.apple.product-type.bundle.ui-testing";
		};
/* End PBXNativeTarget section */

/* Begin PBXProject section */
		961A7DA221C1E0D000263AD2 /* Project object */ = {
			isa = PBXProject;
			attributes = {
				LastSwiftUpdateCheck = 1000;
				LastUpgradeCheck = 1000;
				ORGANIZATIONNAME = zhangyue;
				TargetAttributes = {
					961A7DA921C1E0D000263AD2 = {
						CreatedOnToolsVersion = 10.0;
					};
					961A7DBD21C1E0D800263AD2 = {
						CreatedOnToolsVersion = 10.0;
						TestTargetID = 961A7DA921C1E0D000263AD2;
					};
					961A7DC821C1E0D800263AD2 = {
						CreatedOnToolsVersion = 10.0;
						TestTargetID = 961A7DA921C1E0D000263AD2;
					};
				};
			};
			buildConfigurationList = 961A7DA521C1E0D000263AD2 /* Build configuration list for PBXProject "swift1" */;
			compatibilityVersion = "Xcode 9.3";
			developmentRegion = en;
			hasScannedForEncodings = 0;
			knownRegions = (
				en,
				Base,
			);
			mainGroup = 961A7DA121C1E0D000263AD2;
			productRefGroup = 961A7DAB21C1E0D000263AD2 /* Products */;
			projectDirPath = "";
			projectRoot = "";
			targets = (
				961A7DA921C1E0D000263AD2 /* swift1 */,
				961A7DBD21C1E0D800263AD2 /* swift1Tests */,
				961A7DC821C1E0D800263AD2 /* swift1UITests */,
			);
		};
/* End PBXProject section */

/* Begin PBXResourcesBuildPhase section */
		961A7DA821C1E0D000263AD2 /* Resources */ = {
			isa = PBXResourcesBuildPhase;
			buildActionMask = 2147483647;
			files = (
				961A7DB821C1E0D800263AD2 /* LaunchScreen.storyboard in Resources */,
				961A7DB521C1E0D800263AD2 /* Assets.xcassets in Resources */,
				961A7DB321C1E0D100263AD2 /* Main.storyboard in Resources */,
			);
			runOnlyForDeploymentPostprocessing = 0;
		};
		961A7DBC21C1E0D800263AD2 /* Resources */ = {
			isa = PBXResourcesBuildPhase;
			buildActionMask = 2147483647;
			files = (
			);
			runOnlyForDeploymentPostprocessing = 0;
		};
		961A7DC721C1E0D800263AD2 /* Resources */ = {
			isa = PBXResourcesBuildPhase;
			buildActionMask = 2147483647;
			files = (
			);
			runOnlyForDeploymentPostprocessing = 0;
		};
/* End PBXResourcesBuildPhase section */

/* Begin PBXSourcesBuildPhase section */
		961A7DA621C1E0D000263AD2 /* Sources */ = {
			isa = PBXSourcesBuildPhase;
			buildActionMask = 2147483647;
			files = (
				961A7DB021C1E0D100263AD2 /* ViewController.swift in Sources */,
				961A7DAE21C1E0D100263AD2 /* AppDelegate.swift in Sources */,
			);
			runOnlyForDeploymentPostprocessing = 0;
		};
		961A7DBA21C1E0D800263AD2 /* Sources */ = {
			isa = PBXSourcesBuildPhase;
			buildActionMask = 2147483647;
			files = (
				961A7DC321C1E0D800263AD2 /* swift1Tests.swift in Sources */,
			);
			runOnlyForDeploymentPostprocessing = 0;
		};
		961A7DC521C1E0D800263AD2 /* Sources */ = {
			isa = PBXSourcesBuildPhase;
			buildActionMask = 2147483647;
			files = (
				961A7DCE21C1E0D800263AD2 /* swift1UITests.swift in Sources */,
			);
			runOnlyForDeploymentPostprocessing = 0;
		};
/* End PBXSourcesBuildPhase section */

/* Begin PBXTargetDependency section */
		961A7DC021C1E0D800263AD2 /* PBXTargetDependency */ = {
			isa = PBXTargetDependency;
			target = 961A7DA921C1E0D000263AD2 /* swift1 */;
			targetProxy = 961A7DBF21C1E0D800263AD2 /* PBXContainerItemProxy */;
		};
		961A7DCB21C1E0D800263AD2 /* PBXTargetDependency */ = {
			isa = PBXTargetDependency;
			target = 961A7DA921C1E0D000263AD2 /* swift1 */;
			targetProxy = 961A7DCA21C1E0D800263AD2 /* PBXContainerItemProxy */;
		};
/* End PBXTargetDependency section */

/* Begin PBXVariantGroup section */
		961A7DB121C1E0D100263AD2 /* Main.storyboard */ = {
			isa = PBXVariantGroup;
			children = (
				961A7DB221C1E0D100263AD2 /* Base */,
			);
			name = Main.storyboard;
			sourceTree = "<group>";
		};
		961A7DB621C1E0D800263AD2 /* LaunchScreen.storyboard */ = {
			isa = PBXVariantGroup;
			children = (
				961A7DB721C1E0D800263AD2 /* Base */,
			);
			name = LaunchScreen.storyboard;
			sourceTree = "<group>";
		};
/* End PBXVariantGroup section */

/* Begin XCBuildConfiguration section */
		961A7DD021C1E0D800263AD2 /* Debug */ = {
			isa = XCBuildConfiguration;
			buildSettings = {
				ALWAYS_SEARCH_USER_PATHS = NO;
				CLANG_ANALYZER_NONNULL = YES;
				CLANG_ANALYZER_NUMBER_OBJECT_CONVERSION = YES_AGGRESSIVE;
				CLANG_CXX_LANGUAGE_STANDARD = "gnu++14";
				CLANG_CXX_LIBRARY = "libc++";
				CLANG_ENABLE_MODULES = YES;
				CLANG_ENABLE_OBJC_ARC = YES;
				CLANG_ENABLE_OBJC_WEAK = YES;
				CLANG_WARN_BLOCK_CAPTURE_AUTORELEASING = YES;
				CLANG_WARN_BOOL_CONVERSION = YES;
				CLANG_WARN_COMMA = YES;
				CLANG_WARN_CONSTANT_CONVERSION = YES;
				CLANG_WARN_DEPRECATED_OBJC_IMPLEMENTATIONS = YES;
				CLANG_WARN_DIRECT_OBJC_ISA_USAGE = YES_ERROR;
				CLANG_WARN_DOCUMENTATION_COMMENTS = YES;
				CLANG_WARN_EMPTY_BODY = YES;
				CLANG_WARN_ENUM_CONVERSION = YES;
				CLANG_WARN_INFINITE_RECURSION = YES;
				CLANG_WARN_INT_CONVERSION = YES;
				CLANG_WARN_NON_LITERAL_NULL_CONVERSION = YES;
				CLANG_WARN_OBJC_IMPLICIT_RETAIN_SELF = YES;
				CLANG_WARN_OBJC_LITERAL_CONVERSION = YES;
				CLANG_WARN_OBJC_ROOT_CLASS = YES_ERROR;
				CLANG_WARN_RANGE_LOOP_ANALYSIS = YES;
				CLANG_WARN_STRICT_PROTOTYPES = YES;
				CLANG_WARN_SUSPICIOUS_MOVE = YES;
				CLANG_WARN_UNGUARDED_AVAILABILITY = YES_AGGRESSIVE;
				CLANG_WARN_UNREACHABLE_CODE = YES;
				CLANG_WARN__DUPLICATE_METHOD_MATCH = YES;
				CODE_SIGN_IDENTITY = "iPhone Developer";
				COPY_PHASE_STRIP = NO;
				DEBUG_INFORMATION_FORMAT = dwarf;
				ENABLE_STRICT_OBJC_MSGSEND = YES;
				ENABLE_TESTABILITY = YES;
				GCC_C_LANGUAGE_STANDARD = gnu11;
				GCC_DYNAMIC_NO_PIC = NO;
				GCC_NO_COMMON_BLOCKS = YES;
				GCC_OPTIMIZATION_LEVEL = 0;
				GCC_PREPROCESSOR_DEFINITIONS = (
					"DEBUG=1",
					"$(inherited)",
				);
				GCC_WARN_64_TO_32_BIT_CONVERSION = YES;
				GCC_WARN_ABOUT_RETURN_TYPE = YES_ERROR;
				GCC_WARN_UNDECLARED_SELECTOR = YES;
				GCC_WARN_UNINITIALIZED_AUTOS = YES_AGGRESSIVE;
				GCC_WARN_UNUSED_FUNCTION = YES;
				GCC_WARN_UNUSED_VARIABLE = YES;
				IPHONEOS_DEPLOYMENT_TARGET = 12.0;
				MTL_ENABLE_DEBUG_INFO = INCLUDE_SOURCE;
				MTL_FAST_MATH = YES;
				ONLY_ACTIVE_ARCH = YES;
				SDKROOT = iphoneos;
				SWIFT_ACTIVE_COMPILATION_CONDITIONS = DEBUG;
				SWIFT_OPTIMIZATION_LEVEL = "-Onone";
			};
			name = Debug;
		};
		961A7DD121C1E0D800263AD2 /* Release */ = {
			isa = XCBuildConfiguration;
			buildSettings = {
				ALWAYS_SEARCH_USER_PATHS = NO;
				CLANG_ANALYZER_NONNULL = YES;
				CLANG_ANALYZER_NUMBER_OBJECT_CONVERSION = YES_AGGRESSIVE;
				CLANG_CXX_LANGUAGE_STANDARD = "gnu++14";
				CLANG_CXX_LIBRARY = "libc++";
				CLANG_ENABLE_MODULES = YES;
				CLANG_ENABLE_OBJC_ARC = YES;
				CLANG_ENABLE_OBJC_WEAK = YES;
				CLANG_WARN_BLOCK_CAPTURE_AUTORELEASING = YES;
				CLANG_WARN_BOOL_CONVERSION = YES;
				CLANG_WARN_COMMA = YES;
				CLANG_WARN_CONSTANT_CONVERSION = YES;
				CLANG_WARN_DEPRECATED_OBJC_IMPLEMENTATIONS = YES;
				CLANG_WARN_DIRECT_OBJC_ISA_USAGE = YES_ERROR;
				CLANG_WARN_DOCUMENTATION_COMMENTS = YES;
				CLANG_WARN_EMPTY_BODY = YES;
				CLANG_WARN_ENUM_CONVERSION = YES;
				CLANG_WARN_INFINITE_RECURSION = YES;
				CLANG_WARN_INT_CONVERSION = YES;
				CLANG_WARN_NON_LITERAL_NULL_CONVERSION = YES;
				CLANG_WARN_OBJC_IMPLICIT_RETAIN_SELF = YES;
				CLANG_WARN_OBJC_LITERAL_CONVERSION = YES;
				CLANG_WARN_OBJC_ROOT_CLASS = YES_ERROR;
				CLANG_WARN_RANGE_LOOP_ANALYSIS = YES;
				CLANG_WARN_STRICT_PROTOTYPES = YES;
				CLANG_WARN_SUSPICIOUS_MOVE = YES;
				CLANG_WARN_UNGUARDED_AVAILABILITY = YES_AGGRESSIVE;
				CLANG_WARN_UNREACHABLE_CODE = YES;
				CLANG_WARN__DUPLICATE_METHOD_MATCH = YES;
				CODE_SIGN_IDENTITY = "iPhone Developer";
				COPY_PHASE_STRIP = NO;
				DEBUG_INFORMATION_FORMAT = "dwarf-with-dsym";
				ENABLE_NS_ASSERTIONS = NO;
				ENABLE_STRICT_OBJC_MSGSEND = YES;
				GCC_C_LANGUAGE_STANDARD = gnu11;
				GCC_NO_COMMON_BLOCKS = YES;
				GCC_WARN_64_TO_32_BIT_CONVERSION = YES;
				GCC_WARN_ABOUT_RETURN_TYPE = YES_ERROR;
				GCC_WARN_UNDECLARED_SELECTOR = YES;
				GCC_WARN_UNINITIALIZED_AUTOS = YES_AGGRESSIVE;
				GCC_WARN_UNUSED_FUNCTION = YES;
				GCC_WARN_UNUSED_VARIABLE = YES;
				IPHONEOS_DEPLOYMENT_TARGET = 12.0;
				MTL_ENABLE_DEBUG_INFO = NO;
				MTL_FAST_MATH = YES;
				SDKROOT = iphoneos;
				SWIFT_COMPILATION_MODE = wholemodule;
				SWIFT_OPTIMIZATION_LEVEL = "-O";
				VALIDATE_PRODUCT = YES;
			};
			name = Release;
		};
		961A7DD321C1E0D800263AD2 /* Debug */ = {
			isa = XCBuildConfiguration;
			buildSettings = {
				ASSETCATALOG_COMPILER_APPICON_NAME = AppIcon;
				CODE_SIGN_STYLE = Automatic;
				INFOPLIST_FILE = swift1/Info.plist;
				LD_RUNPATH_SEARCH_PATHS = (
					"$(inherited)",
					"@executable_path/Frameworks",
				);
				PRODUCT_BUNDLE_IDENTIFIER = "--.swift1";
				PRODUCT_NAME = "$(TARGET_NAME)";
				SWIFT_VERSION = 4.2;
				TARGETED_DEVICE_FAMILY = "1,2";
			};
			name = Debug;
		};
		961A7DD421C1E0D800263AD2 /* Release */ = {
			isa = XCBuildConfiguration;
			buildSettings = {
				ASSETCATALOG_COMPILER_APPICON_NAME = AppIcon;
				CODE_SIGN_STYLE = Automatic;
				INFOPLIST_FILE = swift1/Info.plist;
				LD_RUNPATH_SEARCH_PATHS = (
					"$(inherited)",
					"@executable_path/Frameworks",
				);
				PRODUCT_BUNDLE_IDENTIFIER = "--.swift1";
				PRODUCT_NAME = "$(TARGET_NAME)";
				SWIFT_VERSION = 4.2;
				TARGETED_DEVICE_FAMILY = "1,2";
			};
			name = Release;
		};
		961A7DD621C1E0D800263AD2 /* Debug */ = {
			isa = XCBuildConfiguration;
			buildSettings = {
				ALWAYS_EMBED_SWIFT_STANDARD_LIBRARIES = YES;
				BUNDLE_LOADER = "$(TEST_HOST)";
				CODE_SIGN_STYLE = Automatic;
				INFOPLIST_FILE = swift1Tests/Info.plist;
				LD_RUNPATH_SEARCH_PATHS = (
					"$(inherited)",
					"@executable_path/Frameworks",
					"@loader_path/Frameworks",
				);
				PRODUCT_BUNDLE_IDENTIFIER = "--.swift1Tests";
				PRODUCT_NAME = "$(TARGET_NAME)";
				SWIFT_VERSION = 4.2;
				TARGETED_DEVICE_FAMILY = "1,2";
				TEST_HOST = "$(BUILT_PRODUCTS_DIR)/swift1.app/swift1";
			};
			name = Debug;
		};
		961A7DD721C1E0D800263AD2 /* Release */ = {
			isa = XCBuildConfiguration;
			buildSettings = {
				ALWAYS_EMBED_SWIFT_STANDARD_LIBRARIES = YES;
				BUNDLE_LOADER = "$(TEST_HOST)";
				CODE_SIGN_STYLE = Automatic;
				INFOPLIST_FILE = swift1Tests/Info.plist;
				LD_RUNPATH_SEARCH_PATHS = (
					"$(inherited)",
					"@executable_path/Frameworks",
					"@loader_path/Frameworks",
				);
				PRODUCT_BUNDLE_IDENTIFIER = "--.swift1Tests";
				PRODUCT_NAME = "$(TARGET_NAME)";
				SWIFT_VERSION = 4.2;
				TARGETED_DEVICE_FAMILY = "1,2";
				TEST_HOST = "$(BUILT_PRODUCTS_DIR)/swift1.app/swift1";
			};
			name = Release;
		};
		961A7DD921C1E0D800263AD2 /* Debug */ = {
			isa = XCBuildConfiguration;
			buildSettings = {
				ALWAYS_EMBED_SWIFT_STANDARD_LIBRARIES = YES;
				CODE_SIGN_STYLE = Automatic;
				INFOPLIST_FILE = swift1UITests/Info.plist;
				LD_RUNPATH_SEARCH_PATHS = (
					"$(inherited)",
					"@executable_path/Frameworks",
					"@loader_path/Frameworks",
				);
				PRODUCT_BUNDLE_IDENTIFIER = "--.swift1UITests";
				PRODUCT_NAME = "$(TARGET_NAME)";
				SWIFT_VERSION = 4.2;
				TARGETED_DEVICE_FAMILY = "1,2";
				TEST_TARGET_NAME = swift1;
			};
			name = Debug;
		};
		961A7DDA21C1E0D800263AD2 /* Release */ = {
			isa = XCBuildConfiguration;
			buildSettings = {
				ALWAYS_EMBED_SWIFT_STANDARD_LIBRARIES = YES;
				CODE_SIGN_STYLE = Automatic;
				INFOPLIST_FILE = swift1UITests/Info.plist;
				LD_RUNPATH_SEARCH_PATHS = (
					"$(inherited)",
					"@executable_path/Frameworks",
					"@loader_path/Frameworks",
				);
				PRODUCT_BUNDLE_IDENTIFIER = "--.swift1UITests";
				PRODUCT_NAME = "$(TARGET_NAME)";
				SWIFT_VERSION = 4.2;
				TARGETED_DEVICE_FAMILY = "1,2";
				TEST_TARGET_NAME = swift1;
			};
			name = Release;
		};
/* End XCBuildConfiguration section */

/* Begin XCConfigurationList section */
		961A7DA521C1E0D000263AD2 /* Build configuration list for PBXProject "swift1" */ = {
			isa = XCConfigurationList;
			buildConfigurations = (
				961A7DD021C1E0D800263AD2 /* Debug */,
				961A7DD121C1E0D800263AD2 /* Release */,
			);
			defaultConfigurationIsVisible = 0;
			defaultConfigurationName = Release;
		};
		961A7DD221C1E0D800263AD2 /* Build configuration list for PBXNativeTarget "swift1" */ = {
			isa = XCConfigurationList;
			buildConfigurations = (
				961A7DD321C1E0D800263AD2 /* Debug */,
				961A7DD421C1E0D800263AD2 /* Release */,
			);
			defaultConfigurationIsVisible = 0;
			defaultConfigurationName = Release;
		};
		961A7DD521C1E0D800263AD2 /* Build configuration list for PBXNativeTarget "swift1Tests" */ = {
			isa = XCConfigurationList;
			buildConfigurations = (
				961A7DD621C1E0D800263AD2 /* Debug */,
				961A7DD721C1E0D800263AD2 /* Release */,
			);
			defaultConfigurationIsVisible = 0;
			defaultConfigurationName = Release;
		};
		961A7DD821C1E0D800263AD2 /* Build configuration list for PBXNativeTarget "swift1UITests" */ = {
			isa = XCConfigurationList;
			buildConfigurations = (
				961A7DD921C1E0D800263AD2 /* Debug */,
				961A7DDA21C1E0D800263AD2 /* Release */,
			);
			defaultConfigurationIsVisible = 0;
			defaultConfigurationName = Release;
		};
/* End XCConfigurationList section */
	};
	rootObject = 961A7DA221C1E0D000263AD2 /* Project object */;
}
